
Microsoft Visual Studio Solution File, Format Version 12.00
# Visual Studio Version 16
VisualStudioVersion = 16.0.31321.278
MinimumVisualStudioVersion = 10.0.40219.1
Project("{FAE04EC0-301F-11D3-BF4B-00C04F79EFBC}") = "Randomizer", "Randomizer\Randomizer.csproj", "{D7FC7459-0781-4AC6-811A-D3A142724CA9}"
EndProject
Global
	GlobalSection(SolutionConfigurationPlatforms) = preSolution
		Debug|Any CPU = Debug|Any CPU
		Release|Any CPU = Release|Any CPU
	EndGlobalSection
	GlobalSection(ProjectConfigurationPlatforms) = postSolution
		{D7FC7459-0781-4AC6-811A-D3A142724CA9}.Debug|Any CPU.ActiveCfg = Debug|Any CPU
		{D7FC7459-0781-4AC6-811A-D3A142724CA9}.Debug|Any CPU.Build.0 = Debug|Any CPU
		{D7FC7459-0781-4AC6-811A-D3A142724CA9}.Release|Any CPU.ActiveCfg = Release|Any CPU
		{D7FC7459-0781-4AC6-811A-D3A142724CA9}.Release|Any CPU.Build.0 = Release|Any CPU
	EndGlobalSection
	GlobalSection(SolutionProperties) = preSolution
		HideSolutionNode = FALSE
	EndGlobalSection
	GlobalSection(ExtensibilityGlobals) = postSolution
		SolutionGuid = {A50D2CCE-7D57-4645-96A5-C80002512585}
	EndGlobalSection
EndGlobal
